{
	"name": "jetton-airdrop",
	"version": "1.0.0",
	"lockfileVersion": 3,
	"requires": true,
	"packages": {
		"": {
			"name": "jetton-airdrop",
			"version": "1.0.0",
			"license": "MIT",
			"dependencies": {
				"csvtojson": "^2.0.10",
				"dotenv": "^16.4.5",
				"ton": "^13.9.0",
				"ton-core": "^0.53.0",
				"ton-crypto": "^3.2.0"
			},
			"devDependencies": {
				"@types/node": "^22.7.3",
				"typescript": "^5.6.2"
			}
		},
		"node_modules/@types/node": {
			"version": "22.7.3",
			"resolved": "https://registry.npmjs.org/@types/node/-/node-22.7.3.tgz",
			"integrity": "sha512-qXKfhXXqGTyBskvWEzJZPUxSslAiLaB6JGP1ic/XTH9ctGgzdgYguuLP1C601aRTSDNlLb0jbKqXjZ48GNraSA==",
			"dev": true,
			"license": "MIT",
			"dependencies": {
				"undici-types": "~6.19.2"
			}
		},
		"node_modules/bluebird": {
			"version": "3.7.2",
			"resolved": "https://registry.npmjs.org/bluebird/-/bluebird-3.7.2.tgz",
			"integrity": "sha512-XpNj6GDQzdfW+r2Wnn7xiSAd7TM3jzkxGXBGTtWKuSXv1xUV+azxAm8jdWZN06QTQk+2N2XB9jRDkvbmQmcRtg==",
			"license": "MIT"
		},
		"node_modules/csvtojson": {
			"version": "2.0.10",
			"resolved": "https://registry.npmjs.org/csvtojson/-/csvtojson-2.0.10.tgz",
			"integrity": "sha512-lUWFxGKyhraKCW8Qghz6Z0f2l/PqB1W3AO0HKJzGIQ5JRSlR651ekJDiGJbBT4sRNNv5ddnSGVEnsxP9XRCVpQ==",
			"license": "MIT",
			"dependencies": {
				"bluebird": "^3.5.1",
				"lodash": "^4.17.3",
				"strip-bom": "^2.0.0"
			},
			"bin": {
				"csvtojson": "bin/csvtojson"
			},
			"engines": {
				"node": ">=4.0.0"
			}
		},
		"node_modules/dataloader": {
			"version": "2.2.2",
			"resolved": "https://registry.npmjs.org/dataloader/-/dataloader-2.2.2.tgz",
			"integrity": "sha512-8YnDaaf7N3k/q5HnTJVuzSyLETjoZjVmHc4AeKAzOvKHEFQKcn64OKBfzHYtE9zGjctNM7V9I0MfnUVLpi7M5g==",
			"license": "MIT"
		},
		"node_modules/dotenv": {
			"version": "16.4.5",
			"resolved": "https://registry.npmjs.org/dotenv/-/dotenv-16.4.5.tgz",
			"integrity": "sha512-ZmdL2rui+eB2YwhsWzjInR8LldtZHGDoQ1ugH85ppHKwpUHL7j7rN0Ti9NCnGiQbhaZ11FpR+7ao1dNsmduNUg==",
			"license": "BSD-2-Clause",
			"engines": {
				"node": ">=12"
			},
			"funding": {
				"url": "https://dotenvx.com"
			}
		},
		"node_modules/follow-redirects": {
			"version": "1.15.9",
			"resolved": "https://registry.npmjs.org/follow-redirects/-/follow-redirects-1.15.9.tgz",
			"integrity": "sha512-gew4GsXizNgdoRyqmyfMHyAmXsZDk6mHkSxZFCzW9gwlbtOW44CDtYavM+y+72qD/Vq2l550kMF52DT8fOLJqQ==",
			"funding": [
				{
					"type": "individual",
					"url": "https://github.com/sponsors/RubenVerborgh"
				}
			],
			"license": "MIT",
			"engines": {
				"node": ">=4.0"
			},
			"peerDependenciesMeta": {
				"debug": {
					"optional": true
				}
			}
		},
		"node_modules/is-utf8": {
			"version": "0.2.1",
			"resolved": "https://registry.npmjs.org/is-utf8/-/is-utf8-0.2.1.tgz",
			"integrity": "sha512-rMYPYvCzsXywIsldgLaSoPlw5PfoB/ssr7hY4pLfcodrA5M/eArza1a9VmTiNIBNMjOGr1Ow9mTyU2o69U6U9Q==",
			"license": "MIT"
		},
		"node_modules/jssha": {
			"version": "3.2.0",
			"resolved": "https://registry.npmjs.org/jssha/-/jssha-3.2.0.tgz",
			"integrity": "sha512-QuruyBENDWdN4tZwJbQq7/eAK85FqrI4oDbXjy5IBhYD+2pTJyBUWZe8ctWaCkrV0gy6AaelgOZZBMeswEa/6Q==",
			"license": "BSD-3-Clause",
			"engines": {
				"node": "*"
			}
		},
		"node_modules/lodash": {
			"version": "4.17.21",
			"resolved": "https://registry.npmjs.org/lodash/-/lodash-4.17.21.tgz",
			"integrity": "sha512-v2kDEe57lecTulaDIuNTPy3Ry4gLGJ6Z1O3vE1krgXZNrsQ+LFTGHVxVjcXPs17LhbZVGedAJv8XZ1tvj5FvSg==",
			"license": "MIT"
		},
		"node_modules/strip-bom": {
			"version": "2.0.0",
			"resolved": "https://registry.npmjs.org/strip-bom/-/strip-bom-2.0.0.tgz",
			"integrity": "sha512-kwrX1y7czp1E69n2ajbG65mIo9dqvJ+8aBQXOGVxqwvNbsXdFM6Lq37dLAY3mknUwru8CfcCbfOLL/gMo+fi3g==",
			"license": "MIT",
			"dependencies": {
				"is-utf8": "^0.2.0"
			},
			"engines": {
				"node": ">=0.10.0"
			}
		},
		"node_modules/symbol.inspect": {
			"version": "1.0.1",
			"resolved": "https://registry.npmjs.org/symbol.inspect/-/symbol.inspect-1.0.1.tgz",
			"integrity": "sha512-YQSL4duoHmLhsTD1Pw8RW6TZ5MaTX5rXJnqacJottr2P2LZBF/Yvrc3ku4NUpMOm8aM0KOCqM+UAkMA5HWQCzQ==",
			"license": "ISC"
		},
		"node_modules/teslabot": {
			"version": "1.5.0",
			"resolved": "https://registry.npmjs.org/teslabot/-/teslabot-1.5.0.tgz",
			"integrity": "sha512-e2MmELhCgrgZEGo7PQu/6bmYG36IDH+YrBI1iGm6jovXkeDIGa3pZ2WSqRjzkuw2vt1EqfkZoV5GpXgqL8QJVg==",
			"license": "MIT"
		},
		"node_modules/ton": {
			"version": "13.9.0",
			"resolved": "https://registry.npmjs.org/ton/-/ton-13.9.0.tgz",
			"integrity": "sha512-IjZa4vFsyYHzQFY3kMSK/vw8T9b4zSJlSkZOgD8qeP4AFVxcD6pZ7TxfATwLJnA/4MCbaM9DY0V076oMjluDQg==",
			"license": "MIT",
			"dependencies": {
				"axios": "^0.25.0",
				"dataloader": "^2.0.0",
				"symbol.inspect": "1.0.1",
				"teslabot": "^1.3.0",
				"zod": "^3.21.4"
			},
			"peerDependencies": {
				"ton-core": ">=0.53.0",
				"ton-crypto": ">=3.2.0"
			}
		},
		"node_modules/ton-core": {
			"version": "0.53.0",
			"resolved": "https://registry.npmjs.org/ton-core/-/ton-core-0.53.0.tgz",
			"integrity": "sha512-uO/U1oVLdEliWWbwfNQQK+61C+KM0ehcTdHQ6cN0WSEH2UzGfdVFpC4Wb0ph+wUYe/5njl7TA0uL9nif9Q6qwA==",
			"license": "MIT",
			"dependencies": {
				"symbol.inspect": "1.0.1"
			},
			"peerDependencies": {
				"ton-crypto": ">=3.2.0"
			}
		},
		"node_modules/ton-crypto": {
			"version": "3.2.0",
			"resolved": "https://registry.npmjs.org/ton-crypto/-/ton-crypto-3.2.0.tgz",
			"integrity": "sha512-fltdBNQ45gARMuGMEOjPZWPJ5eSql8p3CA0Dj7tPv5lhU5ziT8SxXLAzDraR9HJ8YpjBHLVvYyhMLRiEwxgtMQ==",
			"license": "MIT",
			"dependencies": {
				"jssha": "3.2.0",
				"ton-crypto-primitives": "2.0.0",
				"tweetnacl": "1.0.3"
			}
		},
		"node_modules/ton-crypto-primitives": {
			"version": "2.0.0",
			"resolved": "https://registry.npmjs.org/ton-crypto-primitives/-/ton-crypto-primitives-2.0.0.tgz",
			"integrity": "sha512-K+qKjpS0h9sPW6oExcpxnzuQ7nEgHEiDKwIqE/jWD25o8iFGe3FWj1gKxFNbKE9wwYKc5IV8FwrU+raF0KO5nQ==",
			"license": "MIT",
			"dependencies": {
				"jssha": "3.2.0"
			}
		},
		"node_modules/ton/node_modules/axios": {
			"version": "0.25.0",
			"resolved": "https://registry.npmjs.org/axios/-/axios-0.25.0.tgz",
			"integrity": "sha512-cD8FOb0tRH3uuEe6+evtAbgJtfxr7ly3fQjYcMcuPlgkwVS9xboaVIpcDV+cYQe+yGykgwZCs1pzjntcGa6l5g==",
			"license": "MIT",
			"dependencies": {
				"follow-redirects": "^1.14.7"
			}
		},
		"node_modules/tweetnacl": {
			"version": "1.0.3",
			"resolved": "https://registry.npmjs.org/tweetnacl/-/tweetnacl-1.0.3.tgz",
			"integrity": "sha512-6rt+RN7aOi1nGMyC4Xa5DdYiukl2UWCbcJft7YhxReBGQD7OAM8Pbxw6YMo4r2diNEA8FEmu32YOn9rhaiE5yw==",
			"license": "Unlicense"
		},
		"node_modules/typescript": {
			"version": "5.6.2",
			"resolved": "https://registry.npmjs.org/typescript/-/typescript-5.6.2.tgz",
			"integrity": "sha512-NW8ByodCSNCwZeghjN3o+JX5OFH0Ojg6sadjEKY4huZ52TqbJTJnDo5+Tw98lSy63NZvi4n+ez5m2u5d4PkZyw==",
			"dev": true,
			"license": "Apache-2.0",
			"bin": {
				"tsc": "bin/tsc",
				"tsserver": "bin/tsserver"
			},
			"engines": {
				"node": ">=14.17"
			}
		},
		"node_modules/undici-types": {
			"version": "6.19.8",
			"resolved": "https://registry.npmjs.org/undici-types/-/undici-types-6.19.8.tgz",
			"integrity": "sha512-ve2KP6f/JnbPBFyobGHuerC9g1FYGn/F8n1LWTwNxCEzd6IfqTwUQcNXgEtmmQ6DlRrC1hrSrBnCZPokRrDHjw==",
			"dev": true,
			"license": "MIT"
		},
		"node_modules/zod": {
			"version": "3.23.8",
			"resolved": "https://registry.npmjs.org/zod/-/zod-3.23.8.tgz",
			"integrity": "sha512-XBx9AXhXktjUqnepgTiE5flcKIYWi/rme0Eaj+5Y0lftuGBq+jyRu/md4WnuxqgP1ubdpNCsYEYPxrzVHD8d6g==",
			"license": "MIT",
			"funding": {
				"url": "https://github.com/sponsors/colinhacks"
			}
		}
	}
}
